
Microsoft Visual Studio Solution File, Format Version 9.00
# Visual C++ Express 2005
Project("{8BC9CEB8-8B4A-11D0-8D11-00A0C91BC942}") = "hysteresis", "hysteresis.vcproj", "{FDC7A74C-8071-465E-A84C-10D8E43F97DF}"
EndProject
Global
	GlobalSection(SolutionConfigurationPlatforms) = preSolution
		Debug|Win32 = Debug|Win32
		Release|Win32 = Release|Win32
	EndGlobalSection
	GlobalSection(ProjectConfigurationPlatforms) = postSolution
		{FDC7A74C-8071-465E-A84C-10D8E43F97DF}.Debug|Win32.ActiveCfg = Debug|Win32
		{FDC7A74C-8071-465E-A84C-10D8E43F97DF}.Debug|Win32.Build.0 = Debug|Win32
		{FDC7A74C-8071-465E-A84C-10D8E43F97DF}.Release|Win32.ActiveCfg = Release|Win32
		{FDC7A74C-8071-465E-A84C-10D8E43F97DF}.Release|Win32.Build.0 = Release|Win32
	EndGlobalSection
	GlobalSection(SolutionProperties) = preSolution
		HideSolutionNode = FALSE
	EndGlobalSection
EndGlobal
